{
  "name": "testing-dump",
  "version": "1.0.0",
  "lockfileVersion": 1,
  "requires": true,
  "dependencies": {
    "gh-create-pr": {
      "version": "1.0.2",
      "resolved": "https://registry.npmjs.org/gh-create-pr/-/gh-create-pr-1.0.2.tgz",
      "integrity": "sha512-XnOcHSbOZm15xgP0P9GkoYDxwF4JPQ7gN+SzmjwBwBItNyQ/bMvIV1eoJiIEd+IYUE4Bv9VJGBNccRyumP8/JQ=="
    }
  }
}
